lockfile_version: '1'
generated_at: '2026-06-30T07:37:27.874803+00:00'
apm_version: 0.11.0
dependencies:
- repo_url: dev-komenzar/ori
  host: github.com
  resolved_commit: 0e042b5ce23b1817e001f8b410e9da66624865f9
  package_type: apm_package
  deployed_files:
  - .claude/agents/ori-reviewer.md
  - .claude/rules/ddd-rust.md
  - .claude/rules/ddd-test.md
  - .claude/rules/ddd-typescript.md
  - .claude/rules/domain-phase.md
  - .claude/rules/feature-manifest.md
  - .claude/rules/feature-spec.md
  - .claude/rules/ori-conventions.md
  - .claude/rules/task-management.md
  - .claude/rules/ui-test.md
  - .claude/skills/ori-arch
  - .claude/skills/ori-bug
  - .claude/skills/ori-ddd-1-discovery
  - .claude/skills/ori-ddd-10-types
  - .claude/skills/ori-ddd-11a-ui-fields
  - .claude/skills/ori-ddd-11b-ui-grouping
  - .claude/skills/ori-ddd-2-event-storming
  - .claude/skills/ori-ddd-3-bounded-contexts
  - .claude/skills/ori-ddd-4-context-map
  - .claude/skills/ori-ddd-5-aggregates
  - .claude/skills/ori-ddd-6-domain-events
  - .claude/skills/ori-ddd-7-validation
  - .claude/skills/ori-ddd-8-glossary
  - .claude/skills/ori-ddd-9-workflows
  - .claude/skills/ori-derive
  - .claude/skills/ori-distill
  - .claude/skills/ori-doctor
  - .claude/skills/ori-feature-status
  - .claude/skills/ori-finalize
  - .claude/skills/ori-flow
  - .claude/skills/ori-graph
  - .claude/skills/ori-impl-green
  - .claude/skills/ori-init
  - .claude/skills/ori-migrate
  - .claude/skills/ori-model
  - .claude/skills/ori-plan
  - .claude/skills/ori-propose
  - .claude/skills/ori-refactor
  - .claude/skills/ori-review
  - .claude/skills/ori-review-proposals
  - .claude/skills/ori-sync
  - .claude/skills/ori-test-red
  deployed_file_hashes:
    .claude/agents/ori-reviewer.md: sha256:59b412ca81b05a21dc55484d0bfefaeaba014fc1a55477838e89655fe337c459
    .claude/rules/ddd-rust.md: sha256:576d7f78a8009089213c0db57565b0237414e9bdf4702d2574019373456c621e
    .claude/rules/ddd-test.md: sha256:f581e45455b83651435e46226ddddccc781e7bcd08631a906be2773b3bd32f96
    .claude/rules/ddd-typescript.md: sha256:99ed66a56a945701c9939ce1554f6f0d653e9afd3e69ba0bf7540f01b7c3f5a2
    .claude/rules/domain-phase.md: sha256:3ff915ce26f9ae436f907ab8733e85803a6813123cfbed5d9eefc600a08cac54
    .claude/rules/feature-manifest.md: sha256:a297c79f9f3e5e06b0cd5a6991c7859a7020aaaa7a69b43cb076202a50371f9a
    .claude/rules/feature-spec.md: sha256:3b46a931712c927bf5c68d6936ec5240c14106760c5f89a8826d787d0097fd3f
    .claude/rules/ori-conventions.md: sha256:d8afaa2bf5be5849dc76f56c8533859ed14bb585f4026eb168926d1ce74ad0a0
    .claude/rules/task-management.md: sha256:ab825d822229c6961e0960252d9df017e3199b9a41e776384f878b1095183dc8
    .claude/rules/ui-test.md: sha256:3b4f640d1d2f65cb1985a56ddcfc108f20bc9dbac82dd80ce38fa73c5b7b71ee
  content_hash: sha256:fc24e83886e6e0286b857a8ed1280bcc842f93ce58a1413f8ac250f426e76401
